
Microsoft Visual Studio Solution File, Format Version 12.00
# Visual Studio Version 16
VisualStudioVersion = 16.0.30320.27
MinimumVisualStudioVersion = 10.0.40219.1
Project("{FAE04EC0-301F-11D3-BF4B-00C04F79EFBC}") = "Discord.REQ", "Discord.REQ.csproj", "{7B714AB1-156A-48CB-85EC-09CF1A8A431E}"
EndProject
Global
	GlobalSection(SolutionConfigurationPlatforms) = preSolution
		Debug|Any CPU = Debug|Any CPU
		Release|Any CPU = Release|Any CPU
	EndGlobalSection
	GlobalSection(ProjectConfigurationPlatforms) = postSolution
		{7B714AB1-156A-48CB-85EC-09CF1A8A431E}.Debug|Any CPU.ActiveCfg = Debug|Any CPU
		{7B714AB1-156A-48CB-85EC-09CF1A8A431E}.Debug|Any CPU.Build.0 = Debug|Any CPU
		{7B714AB1-156A-48CB-85EC-09CF1A8A431E}.Release|Any CPU.ActiveCfg = Release|Any CPU
		{7B714AB1-156A-48CB-85EC-09CF1A8A431E}.Release|Any CPU.Build.0 = Release|Any CPU
	EndGlobalSection
	GlobalSection(SolutionProperties) = preSolution
		HideSolutionNode = FALSE
	EndGlobalSection
	GlobalSection(ExtensibilityGlobals) = postSolution
		SolutionGuid = {0491B530-B637-4429-AE53-E7DD6D36B548}
	EndGlobalSection
EndGlobal
